// !$*UTF8*$!
{
	archiveVersion = 1;
	classes = {
	};
	objectVersion = 46;
	objects = {

/* Begin PBXBuildFile section */
		3ABFD90C19DE0E4200F7B844 /* AppDelegate.swift in Sources */ = {isa = PBXBuildFile; fileRef = 3ABFD90B19DE0E4200F7B844 /* AppDelegate.swift */; };
		3ABFD90E19DE0E4200F7B844 /* ViewController.swift in Sources */ = {isa = PBXBuildFile; fileRef = 3ABFD90D19DE0E4200F7B844 /* ViewController.swift */; };
		3ABFD91119DE0E4200F7B844 /* Main.storyboard in Resources */ = {isa = PBXBuildFile; fileRef = 3ABFD90F19DE0E4200F7B844 /* Main.storyboard */; };
		3ABFD91319DE0E4200F7B844 /* Images.xcassets in Resources */ = {isa = PBXBuildFile; fileRef = 3ABFD91219DE0E4200F7B844 /* Images.xcassets */; };
		3ABFD91619DE0E4200F7B844 /* LaunchScreen.xib in Resources */ = {isa = PBXBuildFile; fileRef = 3ABFD91419DE0E4200F7B844 /* LaunchScreen.xib */; };
		3ABFD92219DE0E4200F7B844 /* AgeOfLaikaTests.swift in Sources */ = {isa = PBXBuildFile; fileRef = 3ABFD92119DE0E4200F7B844 /* AgeOfLaikaTests.swift */; };
		3ABFD93019DE109A00F7B844 /* AgeOfLaika.jpg in Resources */ = {isa = PBXBuildFile; fileRef = 3ABFD92F19DE109A00F7B844 /* AgeOfLaika.jpg */; };
/* End PBXBuildFile section */

/* Begin PBXContainerItemProxy section */
		3ABFD91C19DE0E4200F7B844 /* PBXContainerItemProxy */ = {
			isa = PBXContainerItemProxy;
			containerPortal = 3ABFD8FE19DE0E4200F7B844 /* Project object */;
			proxyType = 1;
			remoteGlobalIDString = 3ABFD90519DE0E4200F7B844;
			remoteInfo = AgeOfLaika;
		};
/* End PBXContainerItemProxy section */

/* Begin PBXFileReference section */
		3ABFD90619DE0E4200F7B844 /* AgeOfLaika.app */ = {isa = PBXFileReference; explicitFileType = wrapper.application; includeInIndex = 0; path = AgeOfLaika.app; sourceTree = BUILT_PRODUCTS_DIR; };
		3ABFD90A19DE0E4200F7B844 /* Info.plist */ = {isa = PBXFileReference; lastKnownFileType = text.plist.xml; path = Info.plist; sourceTree = "<group>"; };
		3ABFD90B19DE0E4200F7B844 /* AppDelegate.swift */ = {isa = PBXFileReference; lastKnownFileType = sourcecode.swift; path = AppDelegate.swift; sourceTree = "<group>"; };
		3ABFD90D19DE0E4200F7B844 /* ViewController.swift */ = {isa = PBXFileReference; lastKnownFileType = sourcecode.swift; path = ViewController.swift; sourceTree = "<group>"; };
		3ABFD91019DE0E4200F7B844 /* Base */ = {isa = PBXFileReference; lastKnownFileType = file.storyboard; name = Base; path = Base.lproj/Main.storyboard; sourceTree = "<group>"; };
		3ABFD91219DE0E4200F7B844 /* Images.xcassets */ = {isa = PBXFileReference; lastKnownFileType = folder.assetcatalog; path = Images.xcassets; sourceTree = "<group>"; };
		3ABFD91519DE0E4200F7B844 /* Base */ = {isa = PBXFileReference; lastKnownFileType = file.xib; name = Base; path = Base.lproj/LaunchScreen.xib; sourceTree = "<group>"; };
		3ABFD91B19DE0E4200F7B844 /* AgeOfLaikaTests.xctest */ = {isa = PBXFileReference; explicitFileType = wrapper.cfbundle; includeInIndex = 0; path = AgeOfLaikaTests.xctest; sourceTree = BUILT_PRODUCTS_DIR; };
		3ABFD92019DE0E4200F7B844 /* Info.plist */ = {isa = PBXFileReference; lastKnownFileType = text.plist.xml; path = Info.plist; sourceTree = "<group>"; };
		3ABFD92119DE0E4200F7B844 /* AgeOfLaikaTests.swift */ = {isa = PBXFileReference; lastKnownFileType = sourcecode.swift; path = AgeOfLaikaTests.swift; sourceTree = "<group>"; };
		3ABFD92F19DE109A00F7B844 /* AgeOfLaika.jpg */ = {isa = PBXFileReference; lastKnownFileType = image.jpeg; path = AgeOfLaika.jpg; sourceTree = "<group>"; };
/* End PBXFileReference section */

/* Begin PBXFrameworksBuildPhase section */
		3ABFD90319DE0E4200F7B844 /* Frameworks */ = {
			isa = PBXFrameworksBuildPhase;
			buildActionMask = 2147483647;
			files = (
			);
			runOnlyForDeploymentPostprocessing = 0;
		};
		3ABFD91819DE0E4200F7B844 /* Frameworks */ = {
			isa = PBXFrameworksBuildPhase;
			buildActionMask = 2147483647;
			files = (
			);
			runOnlyForDeploymentPostprocessing = 0;
		};
/* End PBXFrameworksBuildPhase section */

/* Begin PBXGroup section */
		3ABFD8FD19DE0E4200F7B844 = {
			isa = PBXGroup;
			children = (
				3ABFD90819DE0E4200F7B844 /* AgeOfLaika */,
				3ABFD91E19DE0E4200F7B844 /* AgeOfLaikaTests */,
				3ABFD90719DE0E4200F7B844 /* Products */,
			);
			sourceTree = "<group>";
		};
		3ABFD90719DE0E4200F7B844 /* Products */ = {
			isa = PBXGroup;
			children = (
				3ABFD90619DE0E4200F7B844 /* AgeOfLaika.app */,
				3ABFD91B19DE0E4200F7B844 /* AgeOfLaikaTests.xctest */,
			);
			name = Products;
			sourceTree = "<group>";
		};
		3ABFD90819DE0E4200F7B844 /* AgeOfLaika */ = {
			isa = PBXGroup;
			children = (
				3ABFD90B19DE0E4200F7B844 /* AppDelegate.swift */,
				3ABFD90D19DE0E4200F7B844 /* ViewController.swift */,
				3ABFD90F19DE0E4200F7B844 /* Main.storyboard */,
				3ABFD91219DE0E4200F7B844 /* Images.xcassets */,
				3ABFD91419DE0E4200F7B844 /* LaunchScreen.xib */,
				3ABFD90919DE0E4200F7B844 /* Supporting Files */,
			);
			path = AgeOfLaika;
			sourceTree = "<group>";
		};
		3ABFD90919DE0E4200F7B844 /* Supporting Files */ = {
			isa = PBXGroup;
			children = (
				3ABFD92F19DE109A00F7B844 /* AgeOfLaika.jpg */,
				3ABFD90A19DE0E4200F7B844 /* Info.plist */,
			);
			name = "Supporting Files";
			sourceTree = "<group>";
		};
		3ABFD91E19DE0E4200F7B844 /* AgeOfLaikaTests */ = {
			isa = PBXGroup;
			children = (
				3ABFD92119DE0E4200F7B844 /* AgeOfLaikaTests.swift */,
				3ABFD91F19DE0E4200F7B844 /* Supporting Files */,
			);
			path = AgeOfLaikaTests;
			sourceTree = "<group>";
		};
		3ABFD91F19DE0E4200F7B844 /* Supporting Files */ = {
			isa = PBXGroup;
			children = (
				3ABFD92019DE0E4200F7B844 /* Info.plist */,
			);
			name = "Supporting Files";
			sourceTree = "<group>";
		};
/* End PBXGroup section */

/* Begin PBXNativeTarget section */
		3ABFD90519DE0E4200F7B844 /* AgeOfLaika */ = {
			isa = PBXNativeTarget;
			buildConfigurationList = 3ABFD92519DE0E4200F7B844 /* Build configuration list for PBXNativeTarget "AgeOfLaika" */;
			buildPhases = (
				3ABFD90219DE0E4200F7B844 /* Sources */,
				3ABFD90319DE0E4200F7B844 /* Frameworks */,
				3ABFD90419DE0E4200F7B844 /* Resources */,
			);
			buildRules = (
			);
			dependencies = (
			);
			name = AgeOfLaika;
			productName = AgeOfLaika;
			productReference = 3ABFD90619DE0E4200F7B844 /* AgeOfLaika.app */;
			productType = "com.apple.product-type.application";
		};
		3ABFD91A19DE0E4200F7B844 /* AgeOfLaikaTests */ = {
			isa = PBXNativeTarget;
			buildConfigurationList = 3ABFD92819DE0E4200F7B844 /* Build configuration list for PBXNativeTarget "AgeOfLaikaTests" */;
			buildPhases = (
				3ABFD91719DE0E4200F7B844 /* Sources */,
				3ABFD91819DE0E4200F7B844 /* Frameworks */,
				3ABFD91919DE0E4200F7B844 /* Resources */,
			);
			buildRules = (
			);
			dependencies = (
				3ABFD91D19DE0E4200F7B844 /* PBXTargetDependency */,
			);
			name = AgeOfLaikaTests;
			productName = AgeOfLaikaTests;
			productReference = 3ABFD91B19DE0E4200F7B844 /* AgeOfLaikaTests.xctest */;
			productType = "com.apple.product-type.bundle.unit-test";
		};
/* End PBXNativeTarget section */

/* Begin PBXProject section */
		3ABFD8FE19DE0E4200F7B844 /* Project object */ = {
			isa = PBXProject;
			attributes = {
				LastUpgradeCheck = 0600;
				ORGANIZATIONNAME = "Adrian Tillich";
				TargetAttributes = {
					3ABFD90519DE0E4200F7B844 = {
						CreatedOnToolsVersion = 6.0;
					};
					3ABFD91A19DE0E4200F7B844 = {
						CreatedOnToolsVersion = 6.0;
						TestTargetID = 3ABFD90519DE0E4200F7B844;
					};
				};
			};
			buildConfigurationList = 3ABFD90119DE0E4200F7B844 /* Build configuration list for PBXProject "AgeOfLaika" */;
			compatibilityVersion = "Xcode 3.2";
			developmentRegion = English;
			hasScannedForEncodings = 0;
			knownRegions = (
				en,
				Base,
			);
			mainGroup = 3ABFD8FD19DE0E4200F7B844;
			productRefGroup = 3ABFD90719DE0E4200F7B844 /* Products */;
			projectDirPath = "";
			projectRoot = "";
			targets = (
				3ABFD90519DE0E4200F7B844 /* AgeOfLaika */,
				3ABFD91A19DE0E4200F7B844 /* AgeOfLaikaTests */,
			);
		};
/* End PBXProject section */

/* Begin PBXResourcesBuildPhase section */
		3ABFD90419DE0E4200F7B844 /* Resources */ = {
			isa = PBXResourcesBuildPhase;
			buildActionMask = 2147483647;
			files = (
				3ABFD91119DE0E4200F7B844 /* Main.storyboard in Resources */,
				3ABFD93019DE109A00F7B844 /* AgeOfLaika.jpg in Resources */,
				3ABFD91619DE0E4200F7B844 /* LaunchScreen.xib in Resources */,
				3ABFD91319DE0E4200F7B844 /* Images.xcassets in Resources */,
			);
			runOnlyForDeploymentPostprocessing = 0;
		};
		3ABFD91919DE0E4200F7B844 /* Resources */ = {
			isa = PBXResourcesBuildPhase;
			buildActionMask = 2147483647;
			files = (
			);
			runOnlyForDeploymentPostprocessing = 0;
		};
/* End PBXResourcesBuildPhase section */

/* Begin PBXSourcesBuildPhase section */
		3ABFD90219DE0E4200F7B844 /* Sources */ = {
			isa = PBXSourcesBuildPhase;
			buildActionMask = 2147483647;
			files = (
				3ABFD90E19DE0E4200F7B844 /* ViewController.swift in Sources */,
				3ABFD90C19DE0E4200F7B844 /* AppDelegate.swift in Sources */,
			);
			runOnlyForDeploymentPostprocessing = 0;
		};
		3ABFD91719DE0E4200F7B844 /* Sources */ = {
			isa = PBXSourcesBuildPhase;
			buildActionMask = 2147483647;
			files = (
				3ABFD92219DE0E4200F7B844 /* AgeOfLaikaTests.swift in Sources */,
			);
			runOnlyForDeploymentPostprocessing = 0;
		};
/* End PBXSourcesBuildPhase section */

/* Begin PBXTargetDependency section */
		3ABFD91D19DE0E4200F7B844 /* PBXTargetDependency */ = {
			isa = PBXTargetDependency;
			target = 3ABFD90519DE0E4200F7B844 /* AgeOfLaika */;
			targetProxy = 3ABFD91C19DE0E4200F7B844 /* PBXContainerItemProxy */;
		};
/* End PBXTargetDependency section */

/* Begin PBXVariantGroup section */
		3ABFD90F19DE0E4200F7B844 /* Main.storyboard */ = {
			isa = PBXVariantGroup;
			children = (
				3ABFD91019DE0E4200F7B844 /* Base */,
			);
			name = Main.storyboard;
			sourceTree = "<group>";
		};
		3ABFD91419DE0E4200F7B844 /* LaunchScreen.xib */ = {
			isa = PBXVariantGroup;
			children = (
				3ABFD91519DE0E4200F7B844 /* Base */,
			);
			name = LaunchScreen.xib;
			sourceTree = "<group>";
		};
/* End PBXVariantGroup section */

/* Begin XCBuildConfiguration section */
		3ABFD92319DE0E4200F7B844 /* Debug */ = {
			isa = XCBuildConfiguration;
			buildSettings = {
				ALWAYS_SEARCH_USER_PATHS = NO;
				CLANG_CXX_LANGUAGE_STANDARD = "gnu++0x";
				CLANG_CXX_LIBRARY = "libc++";
				CLANG_ENABLE_MODULES = YES;
				CLANG_ENABLE_OBJC_ARC = YES;
				CLANG_WARN_BOOL_CONVERSION = YES;
				CLANG_WARN_CONSTANT_CONVERSION = YES;
				CLANG_WARN_DIRECT_OBJC_ISA_USAGE = YES_ERROR;
				CLANG_WARN_EMPTY_BODY = YES;
				CLANG_WARN_ENUM_CONVERSION = YES;
				CLANG_WARN_INT_CONVERSION = YES;
				CLANG_WARN_OBJC_ROOT_CLASS = YES_ERROR;
				CLANG_WARN_UNREACHABLE_CODE = YES;
				CLANG_WARN__DUPLICATE_METHOD_MATCH = YES;
				"CODE_SIGN_IDENTITY[sdk=iphoneos*]" = "iPhone Developer";
				COPY_PHASE_STRIP = NO;
				ENABLE_STRICT_OBJC_MSGSEND = YES;
				GCC_C_LANGUAGE_STANDARD = gnu99;
				GCC_DYNAMIC_NO_PIC = NO;
				GCC_OPTIMIZATION_LEVEL = 0;
				GCC_PREPROCESSOR_DEFINITIONS = (
					"DEBUG=1",
					"$(inherited)",
				);
				GCC_SYMBOLS_PRIVATE_EXTERN = NO;
				GCC_WARN_64_TO_32_BIT_CONVERSION = YES;
				GCC_WARN_ABOUT_RETURN_TYPE = YES_ERROR;
				GCC_WARN_UNDECLARED_SELECTOR = YES;
				GCC_WARN_UNINITIALIZED_AUTOS = YES_AGGRESSIVE;
				GCC_WARN_UNUSED_FUNCTION = YES;
				GCC_WARN_UNUSED_VARIABLE = YES;
				IPHONEOS_DEPLOYMENT_TARGET = 8.0;
				MTL_ENABLE_DEBUG_INFO = YES;
				ONLY_ACTIVE_ARCH = YES;
				SDKROOT = iphoneos;
				SWIFT_OPTIMIZATION_LEVEL = "-Onone";
				TARGETED_DEVICE_FAMILY = "1,2";
			};
			name = Debug;
		};
		3ABFD92419DE0E4200F7B844 /* Release */ = {
			isa = XCBuildConfiguration;
			buildSettings = {
				ALWAYS_SEARCH_USER_PATHS = NO;
				CLANG_CXX_LANGUAGE_STANDARD = "gnu++0x";
				CLANG_CXX_LIBRARY = "libc++";
				CLANG_ENABLE_MODULES = YES;
				CLANG_ENABLE_OBJC_ARC = YES;
				CLANG_WARN_BOOL_CONVERSION = YES;
				CLANG_WARN_CONSTANT_CONVERSION = YES;
				CLANG_WARN_DIRECT_OBJC_ISA_USAGE = YES_ERROR;
				CLANG_WARN_EMPTY_BODY = YES;
				CLANG_WARN_ENUM_CONVERSION = YES;
				CLANG_WARN_INT_CONVERSION = YES;
				CLANG_WARN_OBJC_ROOT_CLASS = YES_ERROR;
				CLANG_WARN_UNREACHABLE_CODE = YES;
				CLANG_WARN__DUPLICATE_METHOD_MATCH = YES;
				"CODE_SIGN_IDENTITY[sdk=iphoneos*]" = "iPhone Developer";
				COPY_PHASE_STRIP = YES;
				ENABLE_NS_ASSERTIONS = NO;
				ENABLE_STRICT_OBJC_MSGSEND = YES;
				GCC_C_LANGUAGE_STANDARD = gnu99;
				GCC_WARN_64_TO_32_BIT_CONVERSION = YES;
				GCC_WARN_ABOUT_RETURN_TYPE = YES_ERROR;
				GCC_WARN_UNDECLARED_SELECTOR = YES;
				GCC_WARN_UNINITIALIZED_AUTOS = YES_AGGRESSIVE;
				GCC_WARN_UNUSED_FUNCTION = YES;
				GCC_WARN_UNUSED_VARIABLE = YES;
				IPHONEOS_DEPLOYMENT_TARGET = 8.0;
				MTL_ENABLE_DEBUG_INFO = NO;
				SDKROOT = iphoneos;
				TARGETED_DEVICE_FAMILY = "1,2";
				VALIDATE_PRODUCT = YES;
			};
			name = Release;
		};
		3ABFD92619DE0E4200F7B844 /* Debug */ = {
			isa = XCBuildConfiguration;
			buildSettings = {
				ASSETCATALOG_COMPILER_APPICON_NAME = AppIcon;
				INFOPLIST_FILE = AgeOfLaika/Info.plist;
				LD_RUNPATH_SEARCH_PATHS = "$(inherited) @executable_path/Frameworks";
				PRODUCT_NAME = "$(TARGET_NAME)";
			};
			name = Debug;
		};
		3ABFD92719DE0E4200F7B844 /* Release */ = {
			isa = XCBuildConfiguration;
			buildSettings = {
				ASSETCATALOG_COMPILER_APPICON_NAME = AppIcon;
				INFOPLIST_FILE = AgeOfLaika/Info.plist;
				LD_RUNPATH_SEARCH_PATHS = "$(inherited) @executable_path/Frameworks";
				PRODUCT_NAME = "$(TARGET_NAME)";
			};
			name = Release;
		};
		3ABFD92919DE0E4200F7B844 /* Debug */ = {
			isa = XCBuildConfiguration;
			buildSettings = {
				BUNDLE_LOADER = "$(TEST_HOST)";
				FRAMEWORK_SEARCH_PATHS = (
					"$(SDKROOT)/Developer/Library/Frameworks",
					"$(inherited)",
				);
				GCC_PREPROCESSOR_DEFINITIONS = (
					"DEBUG=1",
					"$(inherited)",
				);
				INFOPLIST_FILE = AgeOfLaikaTests/Info.plist;
				LD_RUNPATH_SEARCH_PATHS = "$(inherited) @executable_path/Frameworks @loader_path/Frameworks";
				PRODUCT_NAME = "$(TARGET_NAME)";
				TEST_HOST = "$(BUILT_PRODUCTS_DIR)/AgeOfLaika.app/AgeOfLaika";
			};
			name = Debug;
		};
		3ABFD92A19DE0E4200F7B844 /* Release */ = {
			isa = XCBuildConfiguration;
			buildSettings = {
				BUNDLE_LOADER = "$(TEST_HOST)";
				FRAMEWORK_SEARCH_PATHS = (
					"$(SDKROOT)/Developer/Library/Frameworks",
					"$(inherited)",
				);
				INFOPLIST_FILE = AgeOfLaikaTests/Info.plist;
				LD_RUNPATH_SEARCH_PATHS = "$(inherited) @executable_path/Frameworks @loader_path/Frameworks";
				PRODUCT_NAME = "$(TARGET_NAME)";
				TEST_HOST = "$(BUILT_PRODUCTS_DIR)/AgeOfLaika.app/AgeOfLaika";
			};
			name = Release;
		};
/* End XCBuildConfiguration section */

/* Begin XCConfigurationList section */
		3ABFD90119DE0E4200F7B844 /* Build configuration list for PBXProject "AgeOfLaika" */ = {
			isa = XCConfigurationList;
			buildConfigurations = (
				3ABFD92319DE0E4200F7B844 /* Debug */,
				3ABFD92419DE0E4200F7B844 /* Release */,
			);
			defaultConfigurationIsVisible = 0;
			defaultConfigurationName = Release;
		};
		3ABFD92519DE0E4200F7B844 /* Build configuration list for PBXNativeTarget "AgeOfLaika" */ = {
			isa = XCConfigurationList;
			buildConfigurations = (
				3ABFD92619DE0E4200F7B844 /* Debug */,
				3ABFD92719DE0E4200F7B844 /* Release */,
			);
			defaultConfigurationIsVisible = 0;
		};
		3ABFD92819DE0E4200F7B844 /* Build configuration list for PBXNativeTarget "AgeOfLaikaTests" */ = {
			isa = XCConfigurationList;
			buildConfigurations = (
				3ABFD92919DE0E4200F7B844 /* Debug */,
				3ABFD92A19DE0E4200F7B844 /* Release */,
			);
			defaultConfigurationIsVisible = 0;
		};
/* End XCConfigurationList section */
	};
	rootObject = 3ABFD8FE19DE0E4200F7B844 /* Project object */;
}
